
Microsoft Visual Studio Solution File, Format Version 12.00
# Visual Studio Version 16
VisualStudioVersion = 16.0.30523.141
MinimumVisualStudioVersion = 10.0.40219.1
Project("{9A19103F-16F7-4668-BE54-9A1E7A4F7556}") = "CompaniesHouse.Tests", "CompaniesHouse.Tests\CompaniesHouse.Tests.csproj", "{BC825074-5662-421D-A849-FD94158F3029}"
EndProject
Project("{2150E333-8FDC-42A3-9474-1A3956D46DE8}") = "Stuff", "Stuff", "{F0091515-C8D4-490D-ACD8-84A1C0F31E03}"
	ProjectSection(SolutionItems) = preProject
		..\liberis-labs.jpg = ..\liberis-labs.jpg
		..\LICENSE = ..\LICENSE
		..\README.md = ..\README.md
	EndProjectSection
EndProject
Project("{2150E333-8FDC-42A3-9474-1A3956D46DE8}") = "Build", "Build", "{C8235BA8-D63E-4F03-B62B-C33EFB29E02F}"
	ProjectSection(SolutionItems) = preProject
		..\appveyor.yml = ..\appveyor.yml
		..\build-before_build.ps1 = ..\build-before_build.ps1
	EndProjectSection
EndProject
Project("{9A19103F-16F7-4668-BE54-9A1E7A4F7556}") = "CompaniesHouse.IntegrationTests", "CompaniesHouse.IntegrationTests\CompaniesHouse.IntegrationTests.csproj", "{6B83B8C2-9DA6-42D5-BB32-BD0C6FDFC14D}"
EndProject
Project("{9A19103F-16F7-4668-BE54-9A1E7A4F7556}") = "CompaniesHouse", "CompaniesHouse\CompaniesHouse.csproj", "{9639747A-C49F-42E9-85A4-41FCBFCB7A16}"
EndProject
Project("{9A19103F-16F7-4668-BE54-9A1E7A4F7556}") = "CompaniesHouse.ScenarioTests", "CompaniesHouse.ScenarioTests\CompaniesHouse.ScenarioTests.csproj", "{E1DA350A-FC73-4999-9B02-CBF8538945C9}"
EndProject
Project("{FAE04EC0-301F-11D3-BF4B-00C04F79EFBC}") = "SampleProject", "SampleProject\SampleProject.csproj", "{4F078B5D-05F5-4134-9B8F-1AC43BFCFD7E}"
EndProject
Project("{FAE04EC0-301F-11D3-BF4B-00C04F79EFBC}") = "CompaniesHouse.Extensions.Microsoft.DependencyInjection", "CompaniesHouse.Extensions.Microsoft.DependencyInjection\CompaniesHouse.Extensions.Microsoft.DependencyInjection.csproj", "{5C6AC4CD-8E8B-4700-B01B-7B57C74AE791}"
EndProject
Project("{FAE04EC0-301F-11D3-BF4B-00C04F79EFBC}") = "CompaniesHouse.Extensions.Microsoft.DependencyInjection.Tests", "CompaniesHouse.Extensions.Microsoft.DependencyInjection.Tests\CompaniesHouse.Extensions.Microsoft.DependencyInjection.Tests.csproj", "{011662B7-5E03-4E6A-BAEA-B5C3FE169D3F}"
EndProject
Global
	GlobalSection(SolutionConfigurationPlatforms) = preSolution
		Debug|Any CPU = Debug|Any CPU
		Release|Any CPU = Release|Any CPU
	EndGlobalSection
	GlobalSection(ProjectConfigurationPlatforms) = postSolution
		{BC825074-5662-421D-A849-FD94158F3029}.Debug|Any CPU.ActiveCfg = Debug|Any CPU
		{BC825074-5662-421D-A849-FD94158F3029}.Debug|Any CPU.Build.0 = Debug|Any CPU
		{BC825074-5662-421D-A849-FD94158F3029}.Release|Any CPU.ActiveCfg = Release|Any CPU
		{BC825074-5662-421D-A849-FD94158F3029}.Release|Any CPU.Build.0 = Release|Any CPU
		{6B83B8C2-9DA6-42D5-BB32-BD0C6FDFC14D}.Debug|Any CPU.ActiveCfg = Debug|Any CPU
		{6B83B8C2-9DA6-42D5-BB32-BD0C6FDFC14D}.Debug|Any CPU.Build.0 = Debug|Any CPU
		{6B83B8C2-9DA6-42D5-BB32-BD0C6FDFC14D}.Release|Any CPU.ActiveCfg = Release|Any CPU
		{6B83B8C2-9DA6-42D5-BB32-BD0C6FDFC14D}.Release|Any CPU.Build.0 = Release|Any CPU
		{9639747A-C49F-42E9-85A4-41FCBFCB7A16}.Debug|Any CPU.ActiveCfg = Debug|Any CPU
		{9639747A-C49F-42E9-85A4-41FCBFCB7A16}.Debug|Any CPU.Build.0 = Debug|Any CPU
		{9639747A-C49F-42E9-85A4-41FCBFCB7A16}.Release|Any CPU.ActiveCfg = Release|Any CPU
		{9639747A-C49F-42E9-85A4-41FCBFCB7A16}.Release|Any CPU.Build.0 = Release|Any CPU
		{E1DA350A-FC73-4999-9B02-CBF8538945C9}.Debug|Any CPU.ActiveCfg = Debug|Any CPU
		{E1DA350A-FC73-4999-9B02-CBF8538945C9}.Debug|Any CPU.Build.0 = Debug|Any CPU
		{E1DA350A-FC73-4999-9B02-CBF8538945C9}.Release|Any CPU.ActiveCfg = Release|Any CPU
		{E1DA350A-FC73-4999-9B02-CBF8538945C9}.Release|Any CPU.Build.0 = Release|Any CPU
		{4F078B5D-05F5-4134-9B8F-1AC43BFCFD7E}.Debug|Any CPU.ActiveCfg = Debug|Any CPU
		{4F078B5D-05F5-4134-9B8F-1AC43BFCFD7E}.Debug|Any CPU.Build.0 = Debug|Any CPU
		{4F078B5D-05F5-4134-9B8F-1AC43BFCFD7E}.Release|Any CPU.ActiveCfg = Release|Any CPU
		{4F078B5D-05F5-4134-9B8F-1AC43BFCFD7E}.Release|Any CPU.Build.0 = Release|Any CPU
		{5C6AC4CD-8E8B-4700-B01B-7B57C74AE791}.Debug|Any CPU.ActiveCfg = Debug|Any CPU
		{5C6AC4CD-8E8B-4700-B01B-7B57C74AE791}.Debug|Any CPU.Build.0 = Debug|Any CPU
		{5C6AC4CD-8E8B-4700-B01B-7B57C74AE791}.Release|Any CPU.ActiveCfg = Release|Any CPU
		{5C6AC4CD-8E8B-4700-B01B-7B57C74AE791}.Release|Any CPU.Build.0 = Release|Any CPU
		{011662B7-5E03-4E6A-BAEA-B5C3FE169D3F}.Debug|Any CPU.ActiveCfg = Debug|Any CPU
		{011662B7-5E03-4E6A-BAEA-B5C3FE169D3F}.Debug|Any CPU.Build.0 = Debug|Any CPU
		{011662B7-5E03-4E6A-BAEA-B5C3FE169D3F}.Release|Any CPU.ActiveCfg = Release|Any CPU
		{011662B7-5E03-4E6A-BAEA-B5C3FE169D3F}.Release|Any CPU.Build.0 = Release|Any CPU
	EndGlobalSection
	GlobalSection(SolutionProperties) = preSolution
		HideSolutionNode = FALSE
	EndGlobalSection
	GlobalSection(ExtensibilityGlobals) = postSolution
		SolutionGuid = {1CF7FB6A-FF49-463C-95A9-C35E7F97B96E}
	EndGlobalSection
EndGlobal
